{
  "name": "data-processing-cli",
  "version": "1.0.0",
  "lockfileVersion": 3,
  "requires": true,
  "description": "Interactive Data Processing CLI built with Node.js",
  "main": "src/main.js",
  "type": "module",
  "packages": {
    "": {
      "name": "data-processing-cli",
      "version": "1.0.0",
      "engines": {
        "node": ">=24.10.0"
      }
    }
  },
  "engines": {
    "node": ">=24.10.0"
  },
  "scripts": {
    "start": "node src/main.js"
  }
}
